
Microsoft Visual Studio Solution File, Format Version 12.00
# Visual Studio Version 17
VisualStudioVersion = 17.0.32126.317
MinimumVisualStudioVersion = 10.0.40219.1
Project("{FAE04EC0-301F-11D3-BF4B-00C04F79EFBC}") = "linqProject", "linqProject\linqProject.csproj", "{519FF081-FE55-4953-B15B-01EE4AF6D980}"
EndProject
Global
	GlobalSection(SolutionConfigurationPlatforms) = preSolution
		Debug|Any CPU = Debug|Any CPU
		Release|Any CPU = Release|Any CPU
	EndGlobalSection
	GlobalSection(ProjectConfigurationPlatforms) = postSolution
		{519FF081-FE55-4953-B15B-01EE4AF6D980}.Debug|Any CPU.ActiveCfg = Debug|Any CPU
		{519FF081-FE55-4953-B15B-01EE4AF6D980}.Debug|Any CPU.Build.0 = Debug|Any CPU
		{519FF081-FE55-4953-B15B-01EE4AF6D980}.Release|Any CPU.ActiveCfg = Release|Any CPU
		{519FF081-FE55-4953-B15B-01EE4AF6D980}.Release|Any CPU.Build.0 = Release|Any CPU
	EndGlobalSection
	GlobalSection(SolutionProperties) = preSolution
		HideSolutionNode = FALSE
	EndGlobalSection
	GlobalSection(ExtensibilityGlobals) = postSolution
		SolutionGuid = {49BA261F-6303-4F91-BDC3-A96177CF81AC}
	EndGlobalSection
EndGlobal
